
Microsoft Visual Studio Solution File, Format Version 12.00
# Visual Studio Version 17
VisualStudioVersion = 17.4.33213.308
MinimumVisualStudioVersion = 10.0.40219.1
Project("{FAE04EC0-301F-11D3-BF4B-00C04F79EFBC}") = "Samples", "Samples\Samples.csproj", "{1E1707B3-EDC8-4F2D-B8E3-EFB6CC08E282}"
EndProject
Project("{FAE04EC0-301F-11D3-BF4B-00C04F79EFBC}") = "Tests", "Tests\Tests.csproj", "{A64C9056-195E-47FB-B9E2-41779E91CF1A}"
EndProject
Project("{FAE04EC0-301F-11D3-BF4B-00C04F79EFBC}") = "Benchmarks", "Benchmarks\Benchmarks.csproj", "{88B3518E-91CD-4DDF-8BBF-5BB627C2B833}"
EndProject
Global
	GlobalSection(SolutionConfigurationPlatforms) = preSolution
		Debug|Any CPU = Debug|Any CPU
		Release|Any CPU = Release|Any CPU
	EndGlobalSection
	GlobalSection(ProjectConfigurationPlatforms) = postSolution
		{1E1707B3-EDC8-4F2D-B8E3-EFB6CC08E282}.Debug|Any CPU.ActiveCfg = Debug|Any CPU
		{1E1707B3-EDC8-4F2D-B8E3-EFB6CC08E282}.Debug|Any CPU.Build.0 = Debug|Any CPU
		{1E1707B3-EDC8-4F2D-B8E3-EFB6CC08E282}.Release|Any CPU.ActiveCfg = Release|Any CPU
		{1E1707B3-EDC8-4F2D-B8E3-EFB6CC08E282}.Release|Any CPU.Build.0 = Release|Any CPU
		{A64C9056-195E-47FB-B9E2-41779E91CF1A}.Debug|Any CPU.ActiveCfg = Debug|Any CPU
		{A64C9056-195E-47FB-B9E2-41779E91CF1A}.Debug|Any CPU.Build.0 = Debug|Any CPU
		{A64C9056-195E-47FB-B9E2-41779E91CF1A}.Release|Any CPU.ActiveCfg = Release|Any CPU
		{A64C9056-195E-47FB-B9E2-41779E91CF1A}.Release|Any CPU.Build.0 = Release|Any CPU
		{88B3518E-91CD-4DDF-8BBF-5BB627C2B833}.Debug|Any CPU.ActiveCfg = Debug|Any CPU
		{88B3518E-91CD-4DDF-8BBF-5BB627C2B833}.Debug|Any CPU.Build.0 = Debug|Any CPU
		{88B3518E-91CD-4DDF-8BBF-5BB627C2B833}.Release|Any CPU.ActiveCfg = Release|Any CPU
		{88B3518E-91CD-4DDF-8BBF-5BB627C2B833}.Release|Any CPU.Build.0 = Release|Any CPU
	EndGlobalSection
	GlobalSection(SolutionProperties) = preSolution
		HideSolutionNode = FALSE
	EndGlobalSection
	GlobalSection(ExtensibilityGlobals) = postSolution
		SolutionGuid = {C7A8160D-6A68-4279-BBA5-2B283D7774F8}
	EndGlobalSection
EndGlobal
